
Microsoft Visual Studio Solution File, Format Version 12.00
# Visual Studio Version 16
VisualStudioVersion = 16.0.31729.503
MinimumVisualStudioVersion = 10.0.40219.1
Project("{FAE04EC0-301F-11D3-BF4B-00C04F79EFBC}") = "WUSTZone", "WUSTZone\WUSTZone.csproj", "{78415810-5755-4AE8-B6EF-042E00CBB3A5}"
EndProject
Global
	GlobalSection(SolutionConfigurationPlatforms) = preSolution
		Debug|Any CPU = Debug|Any CPU
		Release|Any CPU = Release|Any CPU
	EndGlobalSection
	GlobalSection(ProjectConfigurationPlatforms) = postSolution
		{78415810-5755-4AE8-B6EF-042E00CBB3A5}.Debug|Any CPU.ActiveCfg = Debug|Any CPU
		{78415810-5755-4AE8-B6EF-042E00CBB3A5}.Debug|Any CPU.Build.0 = Debug|Any CPU
		{78415810-5755-4AE8-B6EF-042E00CBB3A5}.Release|Any CPU.ActiveCfg = Release|Any CPU
		{78415810-5755-4AE8-B6EF-042E00CBB3A5}.Release|Any CPU.Build.0 = Release|Any CPU
	EndGlobalSection
	GlobalSection(SolutionProperties) = preSolution
		HideSolutionNode = FALSE
	EndGlobalSection
	GlobalSection(ExtensibilityGlobals) = postSolution
		SolutionGuid = {3FA086D8-956B-49D6-8837-E13FE2BC0A9C}
	EndGlobalSection
EndGlobal
